
Microsoft Visual Studio Solution File, Format Version 12.00
# Visual Studio Version 17
VisualStudioVersion = 17.14.36623.8 d17.14
MinimumVisualStudioVersion = 10.0.40219.1
Project("{FAE04EC0-301F-11D3-BF4B-00C04F79EFBC}") = "CarRentalEmployeeApp", "CarRentalEmployeeApp\CarRentalEmployeeApp.csproj", "{68A4ACCB-E291-4467-AA6E-034CA8D0A9E2}"
EndProject
Global
	GlobalSection(SolutionConfigurationPlatforms) = preSolution
		Debug|Any CPU = Debug|Any CPU
		Release|Any CPU = Release|Any CPU
	EndGlobalSection
	GlobalSection(ProjectConfigurationPlatforms) = postSolution
		{68A4ACCB-E291-4467-AA6E-034CA8D0A9E2}.Debug|Any CPU.ActiveCfg = Debug|Any CPU
		{68A4ACCB-E291-4467-AA6E-034CA8D0A9E2}.Debug|Any CPU.Build.0 = Debug|Any CPU
		{68A4ACCB-E291-4467-AA6E-034CA8D0A9E2}.Release|Any CPU.ActiveCfg = Release|Any CPU
		{68A4ACCB-E291-4467-AA6E-034CA8D0A9E2}.Release|Any CPU.Build.0 = Release|Any CPU
	EndGlobalSection
	GlobalSection(SolutionProperties) = preSolution
		HideSolutionNode = FALSE
	EndGlobalSection
	GlobalSection(ExtensibilityGlobals) = postSolution
		SolutionGuid = {1AEC9407-36D8-45A1-BD16-6271AF35373F}
	EndGlobalSection
EndGlobal
